// !$*UTF8*$!
{
	archiveVersion = 1;
	classes = {
	};
	objectVersion = 56;
	objects = {

/* Begin PBXBuildFile section */
		E504B29B2CC2660C004DB801 /* ChatQueueKit.docc in Sources */ = {isa = PBXBuildFile; fileRef = E504B29A2CC2660C004DB801 /* ChatQueueKit.docc */; };
		E504B2A12CC2660D004DB801 /* ChatQueueKit.framework in Frameworks */ = {isa = PBXBuildFile; fileRef = E504B2962CC2660C004DB801 /* ChatQueueKit.framework */; };
		E504B2A62CC2660D004DB801 /* ChatQueueKitTests.swift in Sources */ = {isa = PBXBuildFile; fileRef = E504B2A52CC2660D004DB801 /* ChatQueueKitTests.swift */; };
		E504B2A72CC2660D004DB801 /* ChatQueueKit.h in Headers */ = {isa = PBXBuildFile; fileRef = E504B2992CC2660C004DB801 /* ChatQueueKit.h */; settings = {ATTRIBUTES = (Public, ); }; };
		E504B2B12CC2662C004DB801 /* CoreDatas.swift in Sources */ = {isa = PBXBuildFile; fileRef = E504B2B02CC2662C004DB801 /* CoreDatas.swift */; };
		E504B2B32CC26676004DB801 /* ChatQueueKit.podspec in Resources */ = {isa = PBXBuildFile; fileRef = E504B2B22CC26676004DB801 /* ChatQueueKit.podspec */; };
		E504B2B52CC26B04004DB801 /* CoreDatasTests.swift in Sources */ = {isa = PBXBuildFile; fileRef = E504B2B42CC26B04004DB801 /* CoreDatasTests.swift */; };
		E504B2B72CC27280004DB801 /* DataQueueManager.swift in Sources */ = {isa = PBXBuildFile; fileRef = E504B2B62CC27280004DB801 /* DataQueueManager.swift */; };
		E5300C912CC323D200DEE1C6 /* DataManagerTests.swift in Sources */ = {isa = PBXBuildFile; fileRef = E5300C902CC323D200DEE1C6 /* DataManagerTests.swift */; };
		E5300C992CC3356600DEE1C6 /* AppDelegate.swift in Sources */ = {isa = PBXBuildFile; fileRef = E5300C982CC3356600DEE1C6 /* AppDelegate.swift */; };
		E5300C9B2CC3356600DEE1C6 /* SceneDelegate.swift in Sources */ = {isa = PBXBuildFile; fileRef = E5300C9A2CC3356600DEE1C6 /* SceneDelegate.swift */; };
		E5300C9D2CC3356600DEE1C6 /* ViewController.swift in Sources */ = {isa = PBXBuildFile; fileRef = E5300C9C2CC3356600DEE1C6 /* ViewController.swift */; };
		E5300CA02CC3356600DEE1C6 /* Base in Resources */ = {isa = PBXBuildFile; fileRef = E5300C9F2CC3356600DEE1C6 /* Base */; };
		E5300CA22CC3356700DEE1C6 /* Assets.xcassets in Resources */ = {isa = PBXBuildFile; fileRef = E5300CA12CC3356700DEE1C6 /* Assets.xcassets */; };
		E5300CA52CC3356700DEE1C6 /* Base in Resources */ = {isa = PBXBuildFile; fileRef = E5300CA42CC3356700DEE1C6 /* Base */; };
		E54B57AC2CC47D9800102285 /* DataQueueManager.swift in Sources */ = {isa = PBXBuildFile; fileRef = E504B2B62CC27280004DB801 /* DataQueueManager.swift */; };
		E54B57AD2CC47F6000102285 /* CoreDatas.swift in Sources */ = {isa = PBXBuildFile; fileRef = E504B2B02CC2662C004DB801 /* CoreDatas.swift */; };
		E54B57AF2CC489F200102285 /* README.md in Resources */ = {isa = PBXBuildFile; fileRef = E54B57AE2CC489F200102285 /* README.md */; };
/* End PBXBuildFile section */

/* Begin PBXContainerItemProxy section */
		E504B2A22CC2660D004DB801 /* PBXContainerItemProxy */ = {
			isa = PBXContainerItemProxy;
			containerPortal = E504B28D2CC2660C004DB801 /* Project object */;
			proxyType = 1;
			remoteGlobalIDString = E504B2952CC2660C004DB801;
			remoteInfo = ChatQueueKit;
		};
/* End PBXContainerItemProxy section */

/* Begin PBXFileReference section */
		E504B2962CC2660C004DB801 /* ChatQueueKit.framework */ = {isa = PBXFileReference; explicitFileType = wrapper.framework; includeInIndex = 0; path = ChatQueueKit.framework; sourceTree = BUILT_PRODUCTS_DIR; };
		E504B2992CC2660C004DB801 /* ChatQueueKit.h */ = {isa = PBXFileReference; lastKnownFileType = sourcecode.c.h; path = ChatQueueKit.h; sourceTree = "<group>"; };
		E504B29A2CC2660C004DB801 /* ChatQueueKit.docc */ = {isa = PBXFileReference; lastKnownFileType = folder.documentationcatalog; path = ChatQueueKit.docc; sourceTree = "<group>"; };
		E504B2A02CC2660D004DB801 /* ChatQueueKitTests.xctest */ = {isa = PBXFileReference; explicitFileType = wrapper.cfbundle; includeInIndex = 0; path = ChatQueueKitTests.xctest; sourceTree = BUILT_PRODUCTS_DIR; };
		E504B2A52CC2660D004DB801 /* ChatQueueKitTests.swift */ = {isa = PBXFileReference; lastKnownFileType = sourcecode.swift; path = ChatQueueKitTests.swift; sourceTree = "<group>"; };
		E504B2B02CC2662C004DB801 /* CoreDatas.swift */ = {isa = PBXFileReference; lastKnownFileType = sourcecode.swift; path = CoreDatas.swift; sourceTree = "<group>"; };
		E504B2B22CC26676004DB801 /* ChatQueueKit.podspec */ = {isa = PBXFileReference; lastKnownFileType = text; path = ChatQueueKit.podspec; sourceTree = "<group>"; };
		E504B2B42CC26B04004DB801 /* CoreDatasTests.swift */ = {isa = PBXFileReference; lastKnownFileType = sourcecode.swift; path = CoreDatasTests.swift; sourceTree = "<group>"; };
		E504B2B62CC27280004DB801 /* DataQueueManager.swift */ = {isa = PBXFileReference; lastKnownFileType = sourcecode.swift; path = DataQueueManager.swift; sourceTree = "<group>"; };
		E5300C902CC323D200DEE1C6 /* DataManagerTests.swift */ = {isa = PBXFileReference; lastKnownFileType = sourcecode.swift; path = DataManagerTests.swift; sourceTree = "<group>"; };
		E5300C962CC3356600DEE1C6 /* ChatTableSampleApp.app */ = {isa = PBXFileReference; explicitFileType = wrapper.application; includeInIndex = 0; path = ChatTableSampleApp.app; sourceTree = BUILT_PRODUCTS_DIR; };
		E5300C982CC3356600DEE1C6 /* AppDelegate.swift */ = {isa = PBXFileReference; lastKnownFileType = sourcecode.swift; path = AppDelegate.swift; sourceTree = "<group>"; };
		E5300C9A2CC3356600DEE1C6 /* SceneDelegate.swift */ = {isa = PBXFileReference; lastKnownFileType = sourcecode.swift; path = SceneDelegate.swift; sourceTree = "<group>"; };
		E5300C9C2CC3356600DEE1C6 /* ViewController.swift */ = {isa = PBXFileReference; lastKnownFileType = sourcecode.swift; path = ViewController.swift; sourceTree = "<group>"; };
		E5300C9F2CC3356600DEE1C6 /* Base */ = {isa = PBXFileReference; lastKnownFileType = file.storyboard; name = Base; path = Base.lproj/Main.storyboard; sourceTree = "<group>"; };
		E5300CA12CC3356700DEE1C6 /* Assets.xcassets */ = {isa = PBXFileReference; lastKnownFileType = folder.assetcatalog; path = Assets.xcassets; sourceTree = "<group>"; };
		E5300CA42CC3356700DEE1C6 /* Base */ = {isa = PBXFileReference; lastKnownFileType = file.storyboard; name = Base; path = Base.lproj/LaunchScreen.storyboard; sourceTree = "<group>"; };
		E5300CA62CC3356700DEE1C6 /* Info.plist */ = {isa = PBXFileReference; lastKnownFileType = text.plist.xml; path = Info.plist; sourceTree = "<group>"; };
		E54B57AE2CC489F200102285 /* README.md */ = {isa = PBXFileReference; lastKnownFileType = net.daringfireball.markdown; path = README.md; sourceTree = "<group>"; };
/* End PBXFileReference section */

/* Begin PBXFrameworksBuildPhase section */
		E504B2932CC2660C004DB801 /* Frameworks */ = {
			isa = PBXFrameworksBuildPhase;
			buildActionMask = 2147483647;
			files = (
			);
			runOnlyForDeploymentPostprocessing = 0;
		};
		E504B29D2CC2660D004DB801 /* Frameworks */ = {
			isa = PBXFrameworksBuildPhase;
			buildActionMask = 2147483647;
			files = (
				E504B2A12CC2660D004DB801 /* ChatQueueKit.framework in Frameworks */,
			);
			runOnlyForDeploymentPostprocessing = 0;
		};
		E5300C932CC3356600DEE1C6 /* Frameworks */ = {
			isa = PBXFrameworksBuildPhase;
			buildActionMask = 2147483647;
			files = (
			);
			runOnlyForDeploymentPostprocessing = 0;
		};
/* End PBXFrameworksBuildPhase section */

/* Begin PBXGroup section */
		E504B28C2CC2660C004DB801 = {
			isa = PBXGroup;
			children = (
				E54B57AE2CC489F200102285 /* README.md */,
				E504B2B22CC26676004DB801 /* ChatQueueKit.podspec */,
				E504B2982CC2660C004DB801 /* ChatQueueKit */,
				E504B2A42CC2660D004DB801 /* ChatQueueKitTests */,
				E5300C972CC3356600DEE1C6 /* ChatTableSampleApp */,
				E504B2972CC2660C004DB801 /* Products */,
			);
			sourceTree = "<group>";
		};
		E504B2972CC2660C004DB801 /* Products */ = {
			isa = PBXGroup;
			children = (
				E504B2962CC2660C004DB801 /* ChatQueueKit.framework */,
				E504B2A02CC2660D004DB801 /* ChatQueueKitTests.xctest */,
				E5300C962CC3356600DEE1C6 /* ChatTableSampleApp.app */,
			);
			name = Products;
			sourceTree = "<group>";
		};
		E504B2982CC2660C004DB801 /* ChatQueueKit */ = {
			isa = PBXGroup;
			children = (
				E504B2992CC2660C004DB801 /* ChatQueueKit.h */,
				E504B29A2CC2660C004DB801 /* ChatQueueKit.docc */,
				E504B2B02CC2662C004DB801 /* CoreDatas.swift */,
				E504B2B62CC27280004DB801 /* DataQueueManager.swift */,
			);
			path = ChatQueueKit;
			sourceTree = "<group>";
		};
		E504B2A42CC2660D004DB801 /* ChatQueueKitTests */ = {
			isa = PBXGroup;
			children = (
				E504B2A52CC2660D004DB801 /* ChatQueueKitTests.swift */,
				E504B2B42CC26B04004DB801 /* CoreDatasTests.swift */,
				E5300C902CC323D200DEE1C6 /* DataManagerTests.swift */,
			);
			path = ChatQueueKitTests;
			sourceTree = "<group>";
		};
		E5300C972CC3356600DEE1C6 /* ChatTableSampleApp */ = {
			isa = PBXGroup;
			children = (
				E5300C982CC3356600DEE1C6 /* AppDelegate.swift */,
				E5300C9A2CC3356600DEE1C6 /* SceneDelegate.swift */,
				E5300C9C2CC3356600DEE1C6 /* ViewController.swift */,
				E5300C9E2CC3356600DEE1C6 /* Main.storyboard */,
				E5300CA12CC3356700DEE1C6 /* Assets.xcassets */,
				E5300CA32CC3356700DEE1C6 /* LaunchScreen.storyboard */,
				E5300CA62CC3356700DEE1C6 /* Info.plist */,
			);
			path = ChatTableSampleApp;
			sourceTree = "<group>";
		};
/* End PBXGroup section */

/* Begin PBXHeadersBuildPhase section */
		E504B2912CC2660C004DB801 /* Headers */ = {
			isa = PBXHeadersBuildPhase;
			buildActionMask = 2147483647;
			files = (
				E504B2A72CC2660D004DB801 /* ChatQueueKit.h in Headers */,
			);
			runOnlyForDeploymentPostprocessing = 0;
		};
/* End PBXHeadersBuildPhase section */

/* Begin PBXNativeTarget section */
		E504B2952CC2660C004DB801 /* ChatQueueKit */ = {
			isa = PBXNativeTarget;
			buildConfigurationList = E504B2AA2CC2660D004DB801 /* Build configuration list for PBXNativeTarget "ChatQueueKit" */;
			buildPhases = (
				E504B2912CC2660C004DB801 /* Headers */,
				E504B2922CC2660C004DB801 /* Sources */,
				E504B2932CC2660C004DB801 /* Frameworks */,
				E504B2942CC2660C004DB801 /* Resources */,
			);
			buildRules = (
			);
			dependencies = (
			);
			name = ChatQueueKit;
			productName = ChatQueueKit;
			productReference = E504B2962CC2660C004DB801 /* ChatQueueKit.framework */;
			productType = "com.apple.product-type.framework";
		};
		E504B29F2CC2660D004DB801 /* ChatQueueKitTests */ = {
			isa = PBXNativeTarget;
			buildConfigurationList = E504B2AD2CC2660D004DB801 /* Build configuration list for PBXNativeTarget "ChatQueueKitTests" */;
			buildPhases = (
				E504B29C2CC2660D004DB801 /* Sources */,
				E504B29D2CC2660D004DB801 /* Frameworks */,
				E504B29E2CC2660D004DB801 /* Resources */,
			);
			buildRules = (
			);
			dependencies = (
				E504B2A32CC2660D004DB801 /* PBXTargetDependency */,
			);
			name = ChatQueueKitTests;
			productName = ChatQueueKitTests;
			productReference = E504B2A02CC2660D004DB801 /* ChatQueueKitTests.xctest */;
			productType = "com.apple.product-type.bundle.unit-test";
		};
		E5300C952CC3356600DEE1C6 /* ChatTableSampleApp */ = {
			isa = PBXNativeTarget;
			buildConfigurationList = E5300CA72CC3356700DEE1C6 /* Build configuration list for PBXNativeTarget "ChatTableSampleApp" */;
			buildPhases = (
				E5300C922CC3356600DEE1C6 /* Sources */,
				E5300C932CC3356600DEE1C6 /* Frameworks */,
				E5300C942CC3356600DEE1C6 /* Resources */,
			);
			buildRules = (
			);
			dependencies = (
			);
			name = ChatTableSampleApp;
			productName = ChatTableSampleApp;
			productReference = E5300C962CC3356600DEE1C6 /* ChatTableSampleApp.app */;
			productType = "com.apple.product-type.application";
		};
/* End PBXNativeTarget section */

/* Begin PBXProject section */
		E504B28D2CC2660C004DB801 /* Project object */ = {
			isa = PBXProject;
			attributes = {
				BuildIndependentTargetsInParallel = 1;
				LastSwiftUpdateCheck = 1540;
				LastUpgradeCheck = 1540;
				TargetAttributes = {
					E504B2952CC2660C004DB801 = {
						CreatedOnToolsVersion = 15.4;
					};
					E504B29F2CC2660D004DB801 = {
						CreatedOnToolsVersion = 15.4;
					};
					E5300C952CC3356600DEE1C6 = {
						CreatedOnToolsVersion = 15.4;
					};
				};
			};
			buildConfigurationList = E504B2902CC2660C004DB801 /* Build configuration list for PBXProject "ChatQueueKit" */;
			compatibilityVersion = "Xcode 14.0";
			developmentRegion = en;
			hasScannedForEncodings = 0;
			knownRegions = (
				en,
				Base,
			);
			mainGroup = E504B28C2CC2660C004DB801;
			productRefGroup = E504B2972CC2660C004DB801 /* Products */;
			projectDirPath = "";
			projectRoot = "";
			targets = (
				E504B2952CC2660C004DB801 /* ChatQueueKit */,
				E504B29F2CC2660D004DB801 /* ChatQueueKitTests */,
				E5300C952CC3356600DEE1C6 /* ChatTableSampleApp */,
			);
		};
/* End PBXProject section */

/* Begin PBXResourcesBuildPhase section */
		E504B2942CC2660C004DB801 /* Resources */ = {
			isa = PBXResourcesBuildPhase;
			buildActionMask = 2147483647;
			files = (
				E54B57AF2CC489F200102285 /* README.md in Resources */,
				E504B2B32CC26676004DB801 /* ChatQueueKit.podspec in Resources */,
			);
			runOnlyForDeploymentPostprocessing = 0;
		};
		E504B29E2CC2660D004DB801 /* Resources */ = {
			isa = PBXResourcesBuildPhase;
			buildActionMask = 2147483647;
			files = (
			);
			runOnlyForDeploymentPostprocessing = 0;
		};
		E5300C942CC3356600DEE1C6 /* Resources */ = {
			isa = PBXResourcesBuildPhase;
			buildActionMask = 2147483647;
			files = (
				E5300CA22CC3356700DEE1C6 /* Assets.xcassets in Resources */,
				E5300CA52CC3356700DEE1C6 /* Base in Resources */,
				E5300CA02CC3356600DEE1C6 /* Base in Resources */,
			);
			runOnlyForDeploymentPostprocessing = 0;
		};
/* End PBXResourcesBuildPhase section */

/* Begin PBXSourcesBuildPhase section */
		E504B2922CC2660C004DB801 /* Sources */ = {
			isa = PBXSourcesBuildPhase;
			buildActionMask = 2147483647;
			files = (
				E504B29B2CC2660C004DB801 /* ChatQueueKit.docc in Sources */,
				E504B2B72CC27280004DB801 /* DataQueueManager.swift in Sources */,
				E504B2B12CC2662C004DB801 /* CoreDatas.swift in Sources */,
			);
			runOnlyForDeploymentPostprocessing = 0;
		};
		E504B29C2CC2660D004DB801 /* Sources */ = {
			isa = PBXSourcesBuildPhase;
			buildActionMask = 2147483647;
			files = (
				E504B2B52CC26B04004DB801 /* CoreDatasTests.swift in Sources */,
				E5300C912CC323D200DEE1C6 /* DataManagerTests.swift in Sources */,
				E504B2A62CC2660D004DB801 /* ChatQueueKitTests.swift in Sources */,
			);
			runOnlyForDeploymentPostprocessing = 0;
		};
		E5300C922CC3356600DEE1C6 /* Sources */ = {
			isa = PBXSourcesBuildPhase;
			buildActionMask = 2147483647;
			files = (
				E5300C9D2CC3356600DEE1C6 /* ViewController.swift in Sources */,
				E5300C992CC3356600DEE1C6 /* AppDelegate.swift in Sources */,
				E54B57AD2CC47F6000102285 /* CoreDatas.swift in Sources */,
				E5300C9B2CC3356600DEE1C6 /* SceneDelegate.swift in Sources */,
				E54B57AC2CC47D9800102285 /* DataQueueManager.swift in Sources */,
			);
			runOnlyForDeploymentPostprocessing = 0;
		};
/* End PBXSourcesBuildPhase section */

/* Begin PBXTargetDependency section */
		E504B2A32CC2660D004DB801 /* PBXTargetDependency */ = {
			isa = PBXTargetDependency;
			target = E504B2952CC2660C004DB801 /* ChatQueueKit */;
			targetProxy = E504B2A22CC2660D004DB801 /* PBXContainerItemProxy */;
		};
/* End PBXTargetDependency section */

/* Begin PBXVariantGroup section */
		E5300C9E2CC3356600DEE1C6 /* Main.storyboard */ = {
			isa = PBXVariantGroup;
			children = (
				E5300C9F2CC3356600DEE1C6 /* Base */,
			);
			name = Main.storyboard;
			sourceTree = "<group>";
		};
		E5300CA32CC3356700DEE1C6 /* LaunchScreen.storyboard */ = {
			isa = PBXVariantGroup;
			children = (
				E5300CA42CC3356700DEE1C6 /* Base */,
			);
			name = LaunchScreen.storyboard;
			sourceTree = "<group>";
		};
/* End PBXVariantGroup section */

/* Begin XCBuildConfiguration section */
		E504B2A82CC2660D004DB801 /* Debug */ = {
			isa = XCBuildConfiguration;
			buildSettings = {
				ALWAYS_SEARCH_USER_PATHS = NO;
				ASSETCATALOG_COMPILER_GENERATE_SWIFT_ASSET_SYMBOL_EXTENSIONS = YES;
				CLANG_ANALYZER_NONNULL = YES;
				CLANG_ANALYZER_NUMBER_OBJECT_CONVERSION = YES_AGGRESSIVE;
				CLANG_CXX_LANGUAGE_STANDARD = "gnu++20";
				CLANG_ENABLE_MODULES = YES;
				CLANG_ENABLE_OBJC_ARC = YES;
				CLANG_ENABLE_OBJC_WEAK = YES;
				CLANG_WARN_BLOCK_CAPTURE_AUTORELEASING = YES;
				CLANG_WARN_BOOL_CONVERSION = YES;
				CLANG_WARN_COMMA = YES;
				CLANG_WARN_CONSTANT_CONVERSION = YES;
				CLANG_WARN_DEPRECATED_OBJC_IMPLEMENTATIONS = YES;
				CLANG_WARN_DIRECT_OBJC_ISA_USAGE = YES_ERROR;
				CLANG_WARN_DOCUMENTATION_COMMENTS = YES;
				CLANG_WARN_EMPTY_BODY = YES;
				CLANG_WARN_ENUM_CONVERSION = YES;
				CLANG_WARN_INFINITE_RECURSION = YES;
				CLANG_WARN_INT_CONVERSION = YES;
				CLANG_WARN_NON_LITERAL_NULL_CONVERSION = YES;
				CLANG_WARN_OBJC_IMPLICIT_RETAIN_SELF = YES;
				CLANG_WARN_OBJC_LITERAL_CONVERSION = YES;
				CLANG_WARN_OBJC_ROOT_CLASS = YES_ERROR;
				CLANG_WARN_QUOTED_INCLUDE_IN_FRAMEWORK_HEADER = YES;
				CLANG_WARN_RANGE_LOOP_ANALYSIS = YES;
				CLANG_WARN_STRICT_PROTOTYPES = YES;
				CLANG_WARN_SUSPICIOUS_MOVE = YES;
				CLANG_WARN_UNGUARDED_AVAILABILITY = YES_AGGRESSIVE;
				CLANG_WARN_UNREACHABLE_CODE = YES;
				CLANG_WARN__DUPLICATE_METHOD_MATCH = YES;
				COPY_PHASE_STRIP = NO;
				CURRENT_PROJECT_VERSION = 1;
				DEBUG_INFORMATION_FORMAT = dwarf;
				ENABLE_STRICT_OBJC_MSGSEND = YES;
				ENABLE_TESTABILITY = YES;
				ENABLE_USER_SCRIPT_SANDBOXING = YES;
				GCC_C_LANGUAGE_STANDARD = gnu17;
				GCC_DYNAMIC_NO_PIC = NO;
				GCC_NO_COMMON_BLOCKS = YES;
				GCC_OPTIMIZATION_LEVEL = 0;
				GCC_PREPROCESSOR_DEFINITIONS = (
					"DEBUG=1",
					"$(inherited)",
				);
				GCC_WARN_64_TO_32_BIT_CONVERSION = YES;
				GCC_WARN_ABOUT_RETURN_TYPE = YES_ERROR;
				GCC_WARN_UNDECLARED_SELECTOR = YES;
				GCC_WARN_UNINITIALIZED_AUTOS = YES_AGGRESSIVE;
				GCC_WARN_UNUSED_FUNCTION = YES;
				GCC_WARN_UNUSED_VARIABLE = YES;
				IPHONEOS_DEPLOYMENT_TARGET = 17.5;
				LOCALIZATION_PREFERS_STRING_CATALOGS = YES;
				MTL_ENABLE_DEBUG_INFO = INCLUDE_SOURCE;
				MTL_FAST_MATH = YES;
				ONLY_ACTIVE_ARCH = YES;
				SDKROOT = iphoneos;
				SWIFT_ACTIVE_COMPILATION_CONDITIONS = "DEBUG $(inherited)";
				SWIFT_OPTIMIZATION_LEVEL = "-Onone";
				VERSIONING_SYSTEM = "apple-generic";
				VERSION_INFO_PREFIX = "";
			};
			name = Debug;
		};
		E504B2A92CC2660D004DB801 /* Release */ = {
			isa = XCBuildConfiguration;
			buildSettings = {
				ALWAYS_SEARCH_USER_PATHS = NO;
				ASSETCATALOG_COMPILER_GENERATE_SWIFT_ASSET_SYMBOL_EXTENSIONS = YES;
				CLANG_ANALYZER_NONNULL = YES;
				CLANG_ANALYZER_NUMBER_OBJECT_CONVERSION = YES_AGGRESSIVE;
				CLANG_CXX_LANGUAGE_STANDARD = "gnu++20";
				CLANG_ENABLE_MODULES = YES;
				CLANG_ENABLE_OBJC_ARC = YES;
				CLANG_ENABLE_OBJC_WEAK = YES;
				CLANG_WARN_BLOCK_CAPTURE_AUTORELEASING = YES;
				CLANG_WARN_BOOL_CONVERSION = YES;
				CLANG_WARN_COMMA = YES;
				CLANG_WARN_CONSTANT_CONVERSION = YES;
				CLANG_WARN_DEPRECATED_OBJC_IMPLEMENTATIONS = YES;
				CLANG_WARN_DIRECT_OBJC_ISA_USAGE = YES_ERROR;
				CLANG_WARN_DOCUMENTATION_COMMENTS = YES;
				CLANG_WARN_EMPTY_BODY = YES;
				CLANG_WARN_ENUM_CONVERSION = YES;
				CLANG_WARN_INFINITE_RECURSION = YES;
				CLANG_WARN_INT_CONVERSION = YES;
				CLANG_WARN_NON_LITERAL_NULL_CONVERSION = YES;
				CLANG_WARN_OBJC_IMPLICIT_RETAIN_SELF = YES;
				CLANG_WARN_OBJC_LITERAL_CONVERSION = YES;
				CLANG_WARN_OBJC_ROOT_CLASS = YES_ERROR;
				CLANG_WARN_QUOTED_INCLUDE_IN_FRAMEWORK_HEADER = YES;
				CLANG_WARN_RANGE_LOOP_ANALYSIS = YES;
				CLANG_WARN_STRICT_PROTOTYPES = YES;
				CLANG_WARN_SUSPICIOUS_MOVE = YES;
				CLANG_WARN_UNGUARDED_AVAILABILITY = YES_AGGRESSIVE;
				CLANG_WARN_UNREACHABLE_CODE = YES;
				CLANG_WARN__DUPLICATE_METHOD_MATCH = YES;
				COPY_PHASE_STRIP = NO;
				CURRENT_PROJECT_VERSION = 1;
				DEBUG_INFORMATION_FORMAT = "dwarf-with-dsym";
				ENABLE_NS_ASSERTIONS = NO;
				ENABLE_STRICT_OBJC_MSGSEND = YES;
				ENABLE_USER_SCRIPT_SANDBOXING = YES;
				GCC_C_LANGUAGE_STANDARD = gnu17;
				GCC_NO_COMMON_BLOCKS = YES;
				GCC_WARN_64_TO_32_BIT_CONVERSION = YES;
				GCC_WARN_ABOUT_RETURN_TYPE = YES_ERROR;
				GCC_WARN_UNDECLARED_SELECTOR = YES;
				GCC_WARN_UNINITIALIZED_AUTOS = YES_AGGRESSIVE;
				GCC_WARN_UNUSED_FUNCTION = YES;
				GCC_WARN_UNUSED_VARIABLE = YES;
				IPHONEOS_DEPLOYMENT_TARGET = 17.5;
				LOCALIZATION_PREFERS_STRING_CATALOGS = YES;
				MTL_ENABLE_DEBUG_INFO = NO;
				MTL_FAST_MATH = YES;
				SDKROOT = iphoneos;
				SWIFT_COMPILATION_MODE = wholemodule;
				VALIDATE_PRODUCT = YES;
				VERSIONING_SYSTEM = "apple-generic";
				VERSION_INFO_PREFIX = "";
			};
			name = Release;
		};
		E504B2AB2CC2660D004DB801 /* Debug */ = {
			isa = XCBuildConfiguration;
			buildSettings = {
				BUILD_LIBRARY_FOR_DISTRIBUTION = YES;
				CODE_SIGN_STYLE = Automatic;
				CURRENT_PROJECT_VERSION = 1;
				DEFINES_MODULE = YES;
				DEVELOPMENT_TEAM = TNNPKNN4HZ;
				DYLIB_COMPATIBILITY_VERSION = 1;
				DYLIB_CURRENT_VERSION = 1;
				DYLIB_INSTALL_NAME_BASE = "@rpath";
				ENABLE_MODULE_VERIFIER = YES;
				GENERATE_INFOPLIST_FILE = YES;
				INFOPLIST_KEY_NSHumanReadableCopyright = "";
				INSTALL_PATH = "$(LOCAL_LIBRARY_DIR)/Frameworks";
				LD_RUNPATH_SEARCH_PATHS = (
					"$(inherited)",
					"@executable_path/Frameworks",
					"@loader_path/Frameworks",
				);
				MARKETING_VERSION = 1.0;
				MODULE_VERIFIER_SUPPORTED_LANGUAGES = "objective-c objective-c++";
				MODULE_VERIFIER_SUPPORTED_LANGUAGE_STANDARDS = "gnu17 gnu++20";
				PRODUCT_BUNDLE_IDENTIFIER = com.apppppp.ChatQueueKit;
				PRODUCT_NAME = "$(TARGET_NAME:c99extidentifier)";
				SKIP_INSTALL = YES;
				SWIFT_EMIT_LOC_STRINGS = YES;
				SWIFT_INSTALL_OBJC_HEADER = NO;
				SWIFT_VERSION = 5.0;
				TARGETED_DEVICE_FAMILY = "1,2";
			};
			name = Debug;
		};
		E504B2AC2CC2660D004DB801 /* Release */ = {
			isa = XCBuildConfiguration;
			buildSettings = {
				BUILD_LIBRARY_FOR_DISTRIBUTION = YES;
				CODE_SIGN_STYLE = Automatic;
				CURRENT_PROJECT_VERSION = 1;
				DEFINES_MODULE = YES;
				DEVELOPMENT_TEAM = TNNPKNN4HZ;
				DYLIB_COMPATIBILITY_VERSION = 1;
				DYLIB_CURRENT_VERSION = 1;
				DYLIB_INSTALL_NAME_BASE = "@rpath";
				ENABLE_MODULE_VERIFIER = YES;
				GENERATE_INFOPLIST_FILE = YES;
				INFOPLIST_KEY_NSHumanReadableCopyright = "";
				INSTALL_PATH = "$(LOCAL_LIBRARY_DIR)/Frameworks";
				LD_RUNPATH_SEARCH_PATHS = (
					"$(inherited)",
					"@executable_path/Frameworks",
					"@loader_path/Frameworks",
				);
				MARKETING_VERSION = 1.0;
				MODULE_VERIFIER_SUPPORTED_LANGUAGES = "objective-c objective-c++";
				MODULE_VERIFIER_SUPPORTED_LANGUAGE_STANDARDS = "gnu17 gnu++20";
				PRODUCT_BUNDLE_IDENTIFIER = com.apppppp.ChatQueueKit;
				PRODUCT_NAME = "$(TARGET_NAME:c99extidentifier)";
				SKIP_INSTALL = YES;
				SWIFT_EMIT_LOC_STRINGS = YES;
				SWIFT_INSTALL_OBJC_HEADER = NO;
				SWIFT_VERSION = 5.0;
				TARGETED_DEVICE_FAMILY = "1,2";
			};
			name = Release;
		};
		E504B2AE2CC2660D004DB801 /* Debug */ = {
			isa = XCBuildConfiguration;
			buildSettings = {
				ALWAYS_EMBED_SWIFT_STANDARD_LIBRARIES = YES;
				CODE_SIGN_STYLE = Automatic;
				CURRENT_PROJECT_VERSION = 1;
				DEVELOPMENT_TEAM = TNNPKNN4HZ;
				GENERATE_INFOPLIST_FILE = YES;
				MARKETING_VERSION = 1.0;
				PRODUCT_BUNDLE_IDENTIFIER = com.apppppp.ChatQueueKitTests;
				PRODUCT_NAME = "$(TARGET_NAME)";
				SWIFT_EMIT_LOC_STRINGS = NO;
				SWIFT_VERSION = 5.0;
				TARGETED_DEVICE_FAMILY = "1,2";
			};
			name = Debug;
		};
		E504B2AF2CC2660D004DB801 /* Release */ = {
			isa = XCBuildConfiguration;
			buildSettings = {
				ALWAYS_EMBED_SWIFT_STANDARD_LIBRARIES = YES;
				CODE_SIGN_STYLE = Automatic;
				CURRENT_PROJECT_VERSION = 1;
				DEVELOPMENT_TEAM = TNNPKNN4HZ;
				GENERATE_INFOPLIST_FILE = YES;
				MARKETING_VERSION = 1.0;
				PRODUCT_BUNDLE_IDENTIFIER = com.apppppp.ChatQueueKitTests;
				PRODUCT_NAME = "$(TARGET_NAME)";
				SWIFT_EMIT_LOC_STRINGS = NO;
				SWIFT_VERSION = 5.0;
				TARGETED_DEVICE_FAMILY = "1,2";
			};
			name = Release;
		};
		E5300CA82CC3356700DEE1C6 /* Debug */ = {
			isa = XCBuildConfiguration;
			buildSettings = {
				ASSETCATALOG_COMPILER_APPICON_NAME = AppIcon;
				ASSETCATALOG_COMPILER_GLOBAL_ACCENT_COLOR_NAME = AccentColor;
				CODE_SIGN_STYLE = Automatic;
				CURRENT_PROJECT_VERSION = 1;
				DEVELOPMENT_TEAM = TNNPKNN4HZ;
				GENERATE_INFOPLIST_FILE = YES;
				INFOPLIST_FILE = ChatTableSampleApp/Info.plist;
				INFOPLIST_KEY_UIApplicationSupportsIndirectInputEvents = YES;
				INFOPLIST_KEY_UILaunchStoryboardName = LaunchScreen;
				INFOPLIST_KEY_UIMainStoryboardFile = Main;
				INFOPLIST_KEY_UISupportedInterfaceOrientations_iPad = "UIInterfaceOrientationPortrait UIInterfaceOrientationPortraitUpsideDown UIInterfaceOrientationLandscapeLeft UIInterfaceOrientationLandscapeRight";
				INFOPLIST_KEY_UISupportedInterfaceOrientations_iPhone = "UIInterfaceOrientationPortrait UIInterfaceOrientationLandscapeLeft UIInterfaceOrientationLandscapeRight";
				LD_RUNPATH_SEARCH_PATHS = (
					"$(inherited)",
					"@executable_path/Frameworks",
				);
				MARKETING_VERSION = 1.0;
				PRODUCT_BUNDLE_IDENTIFIER = com.apppppp.ChatTableSampleApp;
				PRODUCT_NAME = "$(TARGET_NAME)";
				SWIFT_EMIT_LOC_STRINGS = YES;
				SWIFT_VERSION = 5.0;
				TARGETED_DEVICE_FAMILY = "1,2";
			};
			name = Debug;
		};
		E5300CA92CC3356700DEE1C6 /* Release */ = {
			isa = XCBuildConfiguration;
			buildSettings = {
				ASSETCATALOG_COMPILER_APPICON_NAME = AppIcon;
				ASSETCATALOG_COMPILER_GLOBAL_ACCENT_COLOR_NAME = AccentColor;
				CODE_SIGN_STYLE = Automatic;
				CURRENT_PROJECT_VERSION = 1;
				DEVELOPMENT_TEAM = TNNPKNN4HZ;
				GENERATE_INFOPLIST_FILE = YES;
				INFOPLIST_FILE = ChatTableSampleApp/Info.plist;
				INFOPLIST_KEY_UIApplicationSupportsIndirectInputEvents = YES;
				INFOPLIST_KEY_UILaunchStoryboardName = LaunchScreen;
				INFOPLIST_KEY_UIMainStoryboardFile = Main;
				INFOPLIST_KEY_UISupportedInterfaceOrientations_iPad = "UIInterfaceOrientationPortrait UIInterfaceOrientationPortraitUpsideDown UIInterfaceOrientationLandscapeLeft UIInterfaceOrientationLandscapeRight";
				INFOPLIST_KEY_UISupportedInterfaceOrientations_iPhone = "UIInterfaceOrientationPortrait UIInterfaceOrientationLandscapeLeft UIInterfaceOrientationLandscapeRight";
				LD_RUNPATH_SEARCH_PATHS = (
					"$(inherited)",
					"@executable_path/Frameworks",
				);
				MARKETING_VERSION = 1.0;
				PRODUCT_BUNDLE_IDENTIFIER = com.apppppp.ChatTableSampleApp;
				PRODUCT_NAME = "$(TARGET_NAME)";
				SWIFT_EMIT_LOC_STRINGS = YES;
				SWIFT_VERSION = 5.0;
				TARGETED_DEVICE_FAMILY = "1,2";
			};
			name = Release;
		};
/* End XCBuildConfiguration section */

/* Begin XCConfigurationList section */
		E504B2902CC2660C004DB801 /* Build configuration list for PBXProject "ChatQueueKit" */ = {
			isa = XCConfigurationList;
			buildConfigurations = (
				E504B2A82CC2660D004DB801 /* Debug */,
				E504B2A92CC2660D004DB801 /* Release */,
			);
			defaultConfigurationIsVisible = 0;
			defaultConfigurationName = Release;
		};
		E504B2AA2CC2660D004DB801 /* Build configuration list for PBXNativeTarget "ChatQueueKit" */ = {
			isa = XCConfigurationList;
			buildConfigurations = (
				E504B2AB2CC2660D004DB801 /* Debug */,
				E504B2AC2CC2660D004DB801 /* Release */,
			);
			defaultConfigurationIsVisible = 0;
			defaultConfigurationName = Release;
		};
		E504B2AD2CC2660D004DB801 /* Build configuration list for PBXNativeTarget "ChatQueueKitTests" */ = {
			isa = XCConfigurationList;
			buildConfigurations = (
				E504B2AE2CC2660D004DB801 /* Debug */,
				E504B2AF2CC2660D004DB801 /* Release */,
			);
			defaultConfigurationIsVisible = 0;
			defaultConfigurationName = Release;
		};
		E5300CA72CC3356700DEE1C6 /* Build configuration list for PBXNativeTarget "ChatTableSampleApp" */ = {
			isa = XCConfigurationList;
			buildConfigurations = (
				E5300CA82CC3356700DEE1C6 /* Debug */,
				E5300CA92CC3356700DEE1C6 /* Release */,
			);
			defaultConfigurationIsVisible = 0;
			defaultConfigurationName = Release;
		};
/* End XCConfigurationList section */
	};
	rootObject = E504B28D2CC2660C004DB801 /* Project object */;
}
